#MicroXplorer Configuration settings - do not modify
File.Version=5
KeepUserPlacement=false
Mcu.Family=STM32F4
Mcu.IP0=NVIC
Mcu.IP1=RCC
Mcu.IP2=TIM6
Mcu.IPNb=3
Mcu.Name=STM32F417V(E-G)Tx
Mcu.Package=LQFP100
Mcu.Pin0=PB12
Mcu.Pin1=PB13
Mcu.Pin2=PB14
Mcu.Pin3=PB15
Mcu.Pin4=VP_TIM6_VS_ClockSourceINT
Mcu.PinsNb=5
Mcu.UserConstants=
Mcu.UserName=STM32F417VGTx
MxCube.Version=4.11.0
MxDb.Version=DB.4.0.110
NVIC.PriorityGroup=NVIC_PRIORITYGROUP_4
NVIC.SysTick_IRQn=true\:0\:0\:false
NVIC.TIM6_DAC_IRQn=true\:0\:0\:false
PB12.Locked=true
PB12.Signal=GPIO_Output
PB13.Locked=true
PB13.Signal=GPIO_Output
PB14.Locked=true
PB14.Signal=GPIO_Output
PB15.Locked=true
PB15.Signal=GPIO_Output
PCC.Checker=false
PCC.Line=STM32F407/417
PCC.MCU=STM32F417V(E-G)Tx
PCC.MXVersion=4.11.0
PCC.PartNumber=STM32F417VGTx
PCC.Seq0=0
PCC.Series=STM32F4
PCC.Temperature=25
PCC.Vdd=3.3
ProjectManager.AskForMigrate=true
ProjectManager.BackupPrevious=false
ProjectManager.CompilerOptimize=2
ProjectManager.ComputerToolchain=false
ProjectManager.CoupleFile=true
ProjectManager.DeletePrevious=true
ProjectManager.DeviceId=STM32F417VGTx
ProjectManager.FirmwarePackage=STM32Cube FW_F4 V1.9.0
ProjectManager.FreePins=false
ProjectManager.HalAssertFull=false
ProjectManager.KeepUserCode=true
ProjectManager.LastFirmware=true
ProjectManager.LibraryCopy=0
ProjectManager.ProjectBuild=false
ProjectManager.ProjectFileName=F4_stepmotor.ioc
ProjectManager.ProjectName=F4_stepmotor
ProjectManager.TargetToolchain=MDK-ARM V5
ProjectManager.ToolChainLocation=
RCC.AHBFreq_Value=16000000
RCC.APB1Freq_Value=16000000
RCC.APB2Freq_Value=16000000
RCC.CortexFreq_Value=16000000
RCC.FamilyName=M
RCC.HSE_VALUE=25000000
RCC.HSI_VALUE=16000000
RCC.I2SClocksFreq_Value=96000000
RCC.IPParameters=FamilyName,HSE_VALUE,RTCHSEDivFreq_Value,HSI_VALUE,LSI_VALUE,VCOInputFreq_Value,VCOOutputFreq_Value,PLLCLKFreq_Value,PLLQCLKFreq_Value,VCOI2SOutputFreq_Value,VcooutputI2S,I2SClocksFreq_Value,SYSCLKFreq_VALUE,AHBFreq_Value,CortexFreq_Value,APB1Freq_Value,APB2Freq_Value,LSE_VALUE,RTCFreq_Value
RCC.LSE_VALUE=32768
RCC.LSI_VALUE=32000
RCC.PLLCLKFreq_Value=96000000
RCC.PLLQCLKFreq_Value=48000000
RCC.RTCFreq_Value=32000
RCC.RTCHSEDivFreq_Value=12500000
RCC.SYSCLKFreq_VALUE=16000000
RCC.VCOI2SOutputFreq_Value=192000000
RCC.VCOInputFreq_Value=1000000
RCC.VCOOutputFreq_Value=192000000
RCC.VcooutputI2S=96000000
TIM6.IPParameters=Prescaler,Period
TIM6.Period=1000
TIM6.Prescaler=8000-1
VP_TIM6_VS_ClockSourceINT.Mode=Enable_Timer
VP_TIM6_VS_ClockSourceINT.Signal=TIM6_VS_ClockSourceINT
board=F4_stepmotor
